
Microsoft Visual Studio Solution File, Format Version 12.00
# Visual Studio Version 17
VisualStudioVersion = 17.13.35818.85 d17.13
MinimumVisualStudioVersion = 10.0.40219.1
Project("{FAE04EC0-301F-11D3-BF4B-00C04F79EFBC}") = "Phoneword", "Phoneword.csproj", "{101F19FD-4BD3-4278-B70A-FACB6353293F}"
EndProject
Global
	GlobalSection(SolutionConfigurationPlatforms) = preSolution
		Debug|Any CPU = Debug|Any CPU
		Release|Any CPU = Release|Any CPU
	EndGlobalSection
	GlobalSection(ProjectConfigurationPlatforms) = postSolution
		{101F19FD-4BD3-4278-B70A-FACB6353293F}.Debug|Any CPU.ActiveCfg = Debug|Any CPU
		{101F19FD-4BD3-4278-B70A-FACB6353293F}.Debug|Any CPU.Build.0 = Debug|Any CPU
		{101F19FD-4BD3-4278-B70A-FACB6353293F}.Release|Any CPU.ActiveCfg = Release|Any CPU
		{101F19FD-4BD3-4278-B70A-FACB6353293F}.Release|Any CPU.Build.0 = Release|Any CPU
	EndGlobalSection
	GlobalSection(SolutionProperties) = preSolution
		HideSolutionNode = FALSE
	EndGlobalSection
	GlobalSection(ExtensibilityGlobals) = postSolution
		SolutionGuid = {79D86B5E-718C-4243-8CD6-B8E43C8C31B0}
	EndGlobalSection
EndGlobal
